
Microsoft Visual Studio Solution File, Format Version 12.00
# Visual Studio Version 17
VisualStudioVersion = 17.9.34723.18
MinimumVisualStudioVersion = 10.0.40219.1
Project("{FAE04EC0-301F-11D3-BF4B-00C04F79EFBC}") = "ResWDemoAppProject", "ResWDemoAppProject\ResWDemoAppProject.csproj", "{A0FC3676-3064-48BA-885A-F383B18946D2}"
EndProject
Project("{FAE04EC0-301F-11D3-BF4B-00C04F79EFBC}") = "ResWDemoAppProject.WinUIClassLibrary", "ResWDemoAppProject.WinUIClassLibrary\ResWDemoAppProject.WinUIClassLibrary.csproj", "{16957742-E42A-4C9D-89F4-9908B9C0EAD5}"
EndProject
Global
	GlobalSection(SolutionConfigurationPlatforms) = preSolution
		Debug|Any CPU = Debug|Any CPU
		Debug|ARM64 = Debug|ARM64
		Debug|x64 = Debug|x64
		Debug|x86 = Debug|x86
		Release|Any CPU = Release|Any CPU
		Release|ARM64 = Release|ARM64
		Release|x64 = Release|x64
		Release|x86 = Release|x86
	EndGlobalSection
	GlobalSection(ProjectConfigurationPlatforms) = postSolution
		{A0FC3676-3064-48BA-885A-F383B18946D2}.Debug|Any CPU.ActiveCfg = Debug|x64
		{A0FC3676-3064-48BA-885A-F383B18946D2}.Debug|Any CPU.Build.0 = Debug|x64
		{A0FC3676-3064-48BA-885A-F383B18946D2}.Debug|Any CPU.Deploy.0 = Debug|x64
		{A0FC3676-3064-48BA-885A-F383B18946D2}.Debug|ARM64.ActiveCfg = Debug|ARM64
		{A0FC3676-3064-48BA-885A-F383B18946D2}.Debug|ARM64.Build.0 = Debug|ARM64
		{A0FC3676-3064-48BA-885A-F383B18946D2}.Debug|ARM64.Deploy.0 = Debug|ARM64
		{A0FC3676-3064-48BA-885A-F383B18946D2}.Debug|x64.ActiveCfg = Debug|x64
		{A0FC3676-3064-48BA-885A-F383B18946D2}.Debug|x64.Build.0 = Debug|x64
		{A0FC3676-3064-48BA-885A-F383B18946D2}.Debug|x64.Deploy.0 = Debug|x64
		{A0FC3676-3064-48BA-885A-F383B18946D2}.Debug|x86.ActiveCfg = Debug|x86
		{A0FC3676-3064-48BA-885A-F383B18946D2}.Debug|x86.Build.0 = Debug|x86
		{A0FC3676-3064-48BA-885A-F383B18946D2}.Debug|x86.Deploy.0 = Debug|x86
		{A0FC3676-3064-48BA-885A-F383B18946D2}.Release|Any CPU.ActiveCfg = Release|x64
		{A0FC3676-3064-48BA-885A-F383B18946D2}.Release|Any CPU.Build.0 = Release|x64
		{A0FC3676-3064-48BA-885A-F383B18946D2}.Release|Any CPU.Deploy.0 = Release|x64
		{A0FC3676-3064-48BA-885A-F383B18946D2}.Release|ARM64.ActiveCfg = Release|ARM64
		{A0FC3676-3064-48BA-885A-F383B18946D2}.Release|ARM64.Build.0 = Release|ARM64
		{A0FC3676-3064-48BA-885A-F383B18946D2}.Release|ARM64.Deploy.0 = Release|ARM64
		{A0FC3676-3064-48BA-885A-F383B18946D2}.Release|x64.ActiveCfg = Release|x64
		{A0FC3676-3064-48BA-885A-F383B18946D2}.Release|x64.Build.0 = Release|x64
		{A0FC3676-3064-48BA-885A-F383B18946D2}.Release|x64.Deploy.0 = Release|x64
		{A0FC3676-3064-48BA-885A-F383B18946D2}.Release|x86.ActiveCfg = Release|x86
		{A0FC3676-3064-48BA-885A-F383B18946D2}.Release|x86.Build.0 = Release|x86
		{A0FC3676-3064-48BA-885A-F383B18946D2}.Release|x86.Deploy.0 = Release|x86
		{16957742-E42A-4C9D-89F4-9908B9C0EAD5}.Debug|Any CPU.ActiveCfg = Debug|Any CPU
		{16957742-E42A-4C9D-89F4-9908B9C0EAD5}.Debug|Any CPU.Build.0 = Debug|Any CPU
		{16957742-E42A-4C9D-89F4-9908B9C0EAD5}.Debug|ARM64.ActiveCfg = Debug|Any CPU
		{16957742-E42A-4C9D-89F4-9908B9C0EAD5}.Debug|ARM64.Build.0 = Debug|Any CPU
		{16957742-E42A-4C9D-89F4-9908B9C0EAD5}.Debug|x64.ActiveCfg = Debug|Any CPU
		{16957742-E42A-4C9D-89F4-9908B9C0EAD5}.Debug|x64.Build.0 = Debug|Any CPU
		{16957742-E42A-4C9D-89F4-9908B9C0EAD5}.Debug|x86.ActiveCfg = Debug|Any CPU
		{16957742-E42A-4C9D-89F4-9908B9C0EAD5}.Debug|x86.Build.0 = Debug|Any CPU
		{16957742-E42A-4C9D-89F4-9908B9C0EAD5}.Release|Any CPU.ActiveCfg = Release|Any CPU
		{16957742-E42A-4C9D-89F4-9908B9C0EAD5}.Release|Any CPU.Build.0 = Release|Any CPU
		{16957742-E42A-4C9D-89F4-9908B9C0EAD5}.Release|ARM64.ActiveCfg = Release|Any CPU
		{16957742-E42A-4C9D-89F4-9908B9C0EAD5}.Release|ARM64.Build.0 = Release|Any CPU
		{16957742-E42A-4C9D-89F4-9908B9C0EAD5}.Release|x64.ActiveCfg = Release|Any CPU
		{16957742-E42A-4C9D-89F4-9908B9C0EAD5}.Release|x64.Build.0 = Release|Any CPU
		{16957742-E42A-4C9D-89F4-9908B9C0EAD5}.Release|x86.ActiveCfg = Release|Any CPU
		{16957742-E42A-4C9D-89F4-9908B9C0EAD5}.Release|x86.Build.0 = Release|Any CPU
	EndGlobalSection
	GlobalSection(SolutionProperties) = preSolution
		HideSolutionNode = FALSE
	EndGlobalSection
	GlobalSection(ExtensibilityGlobals) = postSolution
		SolutionGuid = {E7C6CA35-8A6E-432D-9177-57E6A6A3A493}
	EndGlobalSection
EndGlobal
